
Microsoft Visual Studio Solution File, Format Version 12.00
# Visual Studio Version 17
VisualStudioVersion = 17.4.33213.308
MinimumVisualStudioVersion = 10.0.40219.1
Project("{FAE04EC0-301F-11D3-BF4B-00C04F79EFBC}") = "mod3_1302210096", "mod3_1302210096\mod3_1302210096.csproj", "{5AE36A6E-FA47-4600-8616-97D51D11F5CC}"
EndProject
Global
	GlobalSection(SolutionConfigurationPlatforms) = preSolution
		Debug|Any CPU = Debug|Any CPU
		Release|Any CPU = Release|Any CPU
	EndGlobalSection
	GlobalSection(ProjectConfigurationPlatforms) = postSolution
		{5AE36A6E-FA47-4600-8616-97D51D11F5CC}.Debug|Any CPU.ActiveCfg = Debug|Any CPU
		{5AE36A6E-FA47-4600-8616-97D51D11F5CC}.Debug|Any CPU.Build.0 = Debug|Any CPU
		{5AE36A6E-FA47-4600-8616-97D51D11F5CC}.Release|Any CPU.ActiveCfg = Release|Any CPU
		{5AE36A6E-FA47-4600-8616-97D51D11F5CC}.Release|Any CPU.Build.0 = Release|Any CPU
	EndGlobalSection
	GlobalSection(SolutionProperties) = preSolution
		HideSolutionNode = FALSE
	EndGlobalSection
	GlobalSection(ExtensibilityGlobals) = postSolution
		SolutionGuid = {CD39F246-DD86-4F2C-A995-A43C2F3EC84E}
	EndGlobalSection
EndGlobal
